# This file is autogenerated, do not edit; changes may be undone by the next 'dep ensure'.


[[projects]]
  digest = "1:3f53e9e4dfbb664cd62940c9c4b65a2171c66acd0b7621a1a6b8e78513525a52"
  name = "github.com/Sirupsen/logrus"
  packages = ["."]
  pruneopts = "UT"
  revision = "ad15b42461921f1fb3529b058c6786c6a45d5162"
  version = "v1.1.1"

[[projects]]
  digest = "1:1bba280fa4078fa4a960d636f2e3a8e262ff353b5e1656afe678dfe5ae644259"
  name = "github.com/faasaf/frameworks"
  packages = [
    "common",
    "trigger",
  ]
  pruneopts = "UT"
  revision = "6f97c2fc1c2ec0620d0ee0fa8a2810d3289eeef3"
  version = "v0.3.0"

[[projects]]
  digest = "1:c79fb010be38a59d657c48c6ba1d003a8aa651fa56b579d959d74573b7dff8e1"
  name = "github.com/gorilla/context"
  packages = ["."]
  pruneopts = "UT"
  revision = "08b5f424b9271eedf6f9f0ce86cb9396ed337a42"
  version = "v1.1.1"

[[projects]]
  digest = "1:e73f5b0152105f18bc131fba127d9949305c8693f8a762588a82a48f61756f5f"
  name = "github.com/gorilla/mux"
  packages = ["."]
  pruneopts = "UT"
  revision = "e3702bed27f0d39777b0b37b664b6280e8ef8fbf"
  version = "v1.6.2"

[[projects]]
  digest = "1:0a69a1c0db3591fcefb47f115b224592c8dfa4368b7ba9fae509d5e16cdc95c8"
  name = "github.com/konsorten/go-windows-terminal-sequences"
  packages = ["."]
  pruneopts = "UT"
  revision = "5c8c8bd35d3832f5d134ae1e1e375b69a4d25242"
  version = "v1.0.1"

[[projects]]
  branch = "master"
  digest = "1:3f3a05ae0b95893d90b9b3b5afdb79a9b3d96e4e36e099d841ae602e4aca0da8"
  name = "golang.org/x/crypto"
  packages = ["ssh/terminal"]
  pruneopts = "UT"
  revision = "7c1a557ab941a71c619514f229f0b27ccb0c27cf"

[[projects]]
  branch = "master"
  digest = "1:850d28ab022512e2cd3cf511a77f363c29e22689b4031f2050871f5de47ae4a0"
  name = "golang.org/x/sys"
  packages = [
    "unix",
    "windows",
  ]
  pruneopts = "UT"
  revision = "4497e2df6f9e69048a54498c7affbbec3294ad47"

[[projects]]
  digest = "1:b24d38b282bacf9791408a080f606370efa3d364e4b5fd9ba0f7b87786d3b679"
  name = "gopkg.in/urfave/cli.v1"
  packages = ["."]
  pruneopts = "UT"
  revision = "cfb38830724cc34fedffe9a2a29fb54fa9169cd1"
  version = "v1.20.0"

[solve-meta]
  analyzer-name = "dep"
  analyzer-version = 1
  input-imports = [
    "github.com/Sirupsen/logrus",
    "github.com/faasaf/frameworks/common",
    "github.com/faasaf/frameworks/trigger",
    "github.com/gorilla/mux",
  ]
  solver-name = "gps-cdcl"
  solver-version = 1
